
Microsoft Visual Studio Solution File, Format Version 12.00
# Visual Studio 15
VisualStudioVersion = 15.0.28307.1800
MinimumVisualStudioVersion = 10.0.40219.1
Project("{8BC9CEB8-8B4A-11D0-8D11-00A0C91BC942}") = "A07", "A07.vcxproj", "{651ED089-EDE9-4F3A-B81D-58BD92085155}"
EndProject
Global
	GlobalSection(SolutionConfigurationPlatforms) = preSolution
		Debug|x64 = Debug|x64
		Debug|x86 = Debug|x86
		Release|x64 = Release|x64
		Release|x86 = Release|x86
	EndGlobalSection
	GlobalSection(ProjectConfigurationPlatforms) = postSolution
		{651ED089-EDE9-4F3A-B81D-58BD92085155}.Debug|x64.ActiveCfg = Debug|x64
		{651ED089-EDE9-4F3A-B81D-58BD92085155}.Debug|x64.Build.0 = Debug|x64
		{651ED089-EDE9-4F3A-B81D-58BD92085155}.Debug|x86.ActiveCfg = Debug|Win32
		{651ED089-EDE9-4F3A-B81D-58BD92085155}.Debug|x86.Build.0 = Debug|Win32
		{651ED089-EDE9-4F3A-B81D-58BD92085155}.Release|x64.ActiveCfg = Release|x64
		{651ED089-EDE9-4F3A-B81D-58BD92085155}.Release|x64.Build.0 = Release|x64
		{651ED089-EDE9-4F3A-B81D-58BD92085155}.Release|x86.ActiveCfg = Release|Win32
		{651ED089-EDE9-4F3A-B81D-58BD92085155}.Release|x86.Build.0 = Release|Win32
	EndGlobalSection
	GlobalSection(SolutionProperties) = preSolution
		HideSolutionNode = FALSE
	EndGlobalSection
	GlobalSection(ExtensibilityGlobals) = postSolution
		SolutionGuid = {AE6BA9E9-A2BA-4139-9FAB-541AE9198F69}
	EndGlobalSection
EndGlobal
