
Microsoft Visual Studio Solution File, Format Version 12.00
# Visual Studio 15
VisualStudioVersion = 15.0.28307.1800
MinimumVisualStudioVersion = 10.0.40219.1
Project("{8BC9CEB8-8B4A-11D0-8D11-00A0C91BC942}") = "A11", "A11.vcxproj", "{CEEAE540-015D-432E-8D1F-C2E8529677B8}"
EndProject
Global
	GlobalSection(SolutionConfigurationPlatforms) = preSolution
		Debug|x64 = Debug|x64
		Debug|x86 = Debug|x86
		Release|x64 = Release|x64
		Release|x86 = Release|x86
	EndGlobalSection
	GlobalSection(ProjectConfigurationPlatforms) = postSolution
		{CEEAE540-015D-432E-8D1F-C2E8529677B8}.Debug|x64.ActiveCfg = Debug|x64
		{CEEAE540-015D-432E-8D1F-C2E8529677B8}.Debug|x64.Build.0 = Debug|x64
		{CEEAE540-015D-432E-8D1F-C2E8529677B8}.Debug|x86.ActiveCfg = Debug|Win32
		{CEEAE540-015D-432E-8D1F-C2E8529677B8}.Debug|x86.Build.0 = Debug|Win32
		{CEEAE540-015D-432E-8D1F-C2E8529677B8}.Release|x64.ActiveCfg = Release|x64
		{CEEAE540-015D-432E-8D1F-C2E8529677B8}.Release|x64.Build.0 = Release|x64
		{CEEAE540-015D-432E-8D1F-C2E8529677B8}.Release|x86.ActiveCfg = Release|Win32
		{CEEAE540-015D-432E-8D1F-C2E8529677B8}.Release|x86.Build.0 = Release|Win32
	EndGlobalSection
	GlobalSection(SolutionProperties) = preSolution
		HideSolutionNode = FALSE
	EndGlobalSection
	GlobalSection(ExtensibilityGlobals) = postSolution
		SolutionGuid = {6DE4CF0E-767E-4CCC-AE15-34B6D7152E51}
	EndGlobalSection
EndGlobal
