
Microsoft Visual Studio Solution File, Format Version 12.00
# Visual Studio 15
VisualStudioVersion = 15.0.28307.1800
MinimumVisualStudioVersion = 10.0.40219.1
Project("{8BC9CEB8-8B4A-11D0-8D11-00A0C91BC942}") = "A16", "A16.vcxproj", "{4FE0F9F3-E714-40B9-A42F-A57B4661CC70}"
EndProject
Global
	GlobalSection(SolutionConfigurationPlatforms) = preSolution
		Debug|x64 = Debug|x64
		Debug|x86 = Debug|x86
		Release|x64 = Release|x64
		Release|x86 = Release|x86
	EndGlobalSection
	GlobalSection(ProjectConfigurationPlatforms) = postSolution
		{4FE0F9F3-E714-40B9-A42F-A57B4661CC70}.Debug|x64.ActiveCfg = Debug|x64
		{4FE0F9F3-E714-40B9-A42F-A57B4661CC70}.Debug|x64.Build.0 = Debug|x64
		{4FE0F9F3-E714-40B9-A42F-A57B4661CC70}.Debug|x86.ActiveCfg = Debug|Win32
		{4FE0F9F3-E714-40B9-A42F-A57B4661CC70}.Debug|x86.Build.0 = Debug|Win32
		{4FE0F9F3-E714-40B9-A42F-A57B4661CC70}.Release|x64.ActiveCfg = Release|x64
		{4FE0F9F3-E714-40B9-A42F-A57B4661CC70}.Release|x64.Build.0 = Release|x64
		{4FE0F9F3-E714-40B9-A42F-A57B4661CC70}.Release|x86.ActiveCfg = Release|Win32
		{4FE0F9F3-E714-40B9-A42F-A57B4661CC70}.Release|x86.Build.0 = Release|Win32
	EndGlobalSection
	GlobalSection(SolutionProperties) = preSolution
		HideSolutionNode = FALSE
	EndGlobalSection
	GlobalSection(ExtensibilityGlobals) = postSolution
		SolutionGuid = {0C7B247E-C893-494B-B777-87C07257534A}
	EndGlobalSection
EndGlobal
